
Microsoft Visual Studio Solution File, Format Version 12.00
# Visual Studio Version 16
VisualStudioVersion = 16.0.29324.140
MinimumVisualStudioVersion = 10.0.40219.1
Project("{9A19103F-16F7-4668-BE54-9A1E7A4F7556}") = "Design", "Design.csproj", "{0401F63B-B972-49D7-9C00-3E1E3EF1E2CD}"
EndProject
Project("{FAE04EC0-301F-11D3-BF4B-00C04F79EFBC}") = "StaticSample", "..\StaticSample\StaticSample.csproj", "{D6A83827-084B-4121-A697-2A5D3AA263FC}"
EndProject
Global
	GlobalSection(SolutionConfigurationPlatforms) = preSolution
		Debug|Any CPU = Debug|Any CPU
		Release|Any CPU = Release|Any CPU
	EndGlobalSection
	GlobalSection(ProjectConfigurationPlatforms) = postSolution
		{0401F63B-B972-49D7-9C00-3E1E3EF1E2CD}.Debug|Any CPU.ActiveCfg = Debug|Any CPU
		{0401F63B-B972-49D7-9C00-3E1E3EF1E2CD}.Debug|Any CPU.Build.0 = Debug|Any CPU
		{0401F63B-B972-49D7-9C00-3E1E3EF1E2CD}.Release|Any CPU.ActiveCfg = Release|Any CPU
		{0401F63B-B972-49D7-9C00-3E1E3EF1E2CD}.Release|Any CPU.Build.0 = Release|Any CPU
		{D6A83827-084B-4121-A697-2A5D3AA263FC}.Debug|Any CPU.ActiveCfg = Debug|Any CPU
		{D6A83827-084B-4121-A697-2A5D3AA263FC}.Debug|Any CPU.Build.0 = Debug|Any CPU
		{D6A83827-084B-4121-A697-2A5D3AA263FC}.Release|Any CPU.ActiveCfg = Release|Any CPU
		{D6A83827-084B-4121-A697-2A5D3AA263FC}.Release|Any CPU.Build.0 = Release|Any CPU
	EndGlobalSection
	GlobalSection(SolutionProperties) = preSolution
		HideSolutionNode = FALSE
	EndGlobalSection
	GlobalSection(ExtensibilityGlobals) = postSolution
		SolutionGuid = {EEB68B40-4EF8-44FF-AA53-44B1B8C11BE7}
	EndGlobalSection
EndGlobal
